{
  "object": {
    "pins": [
      {
        "package": "Signals",
        "repositoryURL": "https://github.com/IBM-Swift/BlueSignals.git",
        "state": {
          "branch": null,
          "revision": "23f62ec7a38a837e1c14acffc2e963b667a88b46",
          "version": "1.0.16"
        }
      },
      {
        "package": "Socket",
        "repositoryURL": "https://github.com/IBM-Swift/BlueSocket",
        "state": {
          "branch": null,
          "revision": "a7ad71099dcfc5b1fd888f5e603347f2e0cdb24d",
          "version": "1.0.30"
        }
      },
      {
        "package": "CountedSet",
        "repositoryURL": "https://github.com/beefon/CountedSet",
        "state": {
          "branch": "master",
          "revision": "d9811bbc89aaa8558e4c64e0aa0bc01fc15901f6",
          "version": null
        }
      },
      {
        "package": "CSSH",
        "repositoryURL": "https://github.com/jakeheis/CSSH",
        "state": {
          "branch": null,
          "revision": "579a20508ab598f78713a60fed95706efd06bbcb",
          "version": "1.0.3"
        }
      },
      {
        "package": "Shout",
        "repositoryURL": "https://github.com/beefon/Shout",
        "state": {
          "branch": "UpdateSocket",
          "revision": "4846fc16bd60738cf6162d49cd063b0a41ced813",
          "version": null
        }
      },
      {
        "package": "Starscream",
        "repositoryURL": "https://github.com/daltoniam/Starscream.git",
        "state": {
          "branch": null,
          "revision": "ebdc260ea64e68f7569c62e8744b5cd15d3a49d6",
          "version": "3.0.6"
        }
      },
      {
        "package": "SwiftPM",
        "repositoryURL": "https://github.com/apple/swift-package-manager.git",
        "state": {
          "branch": null,
          "revision": "235aacc514cb81a6881364b0fedcb3dd083228f3",
          "version": "0.3.0"
        }
      },
      {
        "package": "Swifter",
        "repositoryURL": "https://github.com/httpswift/swifter.git",
        "state": {
          "branch": "stable",
          "revision": "9c25524169b725128d6b5db719875faf771a96b2",
          "version": null
        }
      },
      {
        "package": "ZIPFoundation",
        "repositoryURL": "https://github.com/weichsel/ZIPFoundation/",
        "state": {
          "branch": null,
          "revision": "b5c53bef2deb7b20659b03b1223f0942599e5c41",
          "version": "0.9.6"
        }
      }
    ]
  },
  "version": 1
}
