{
  "object": {
    "pins": [
      {
        "package": "Signals",
        "repositoryURL": "https://github.com/IBM-Swift/BlueSignals.git",
        "state": {
          "branch": null,
          "revision": "b7331c8bef913f5f8b3cffa6ecfcce679f7c2531",
          "version": "1.0.21"
        }
      },
      {
        "package": "Socket",
        "repositoryURL": "https://github.com/IBM-Swift/BlueSocket",
        "state": {
          "branch": null,
          "revision": "ccc671b022bc60e5fffcb2aa15f499c6331bfd18",
          "version": "1.0.46"
        }
      },
      {
        "package": "CommandLineToolkit",
        "repositoryURL": "https://github.com/avito-tech/CommandLineToolkit.git",
        "state": {
          "branch": null,
          "revision": "71977c7986fed745336c24f9952b452f6d9e2fe7",
          "version": "1.0.2"
        }
      },
      {
        "package": "CountedSet",
        "repositoryURL": "https://github.com/0x7fs/CountedSet",
        "state": {
          "branch": "master",
          "revision": "5bdaf31e6f71dcb430e40a0da3ff10ff61bf5368",
          "version": null
        }
      },
      {
        "package": "OrderedSet",
        "repositoryURL": "https://github.com/Weebly/OrderedSet",
        "state": {
          "branch": null,
          "revision": "07d99831674bca6bf69967b70ced6cc19ca346ec",
          "version": "5.0.0"
        }
      },
      {
        "package": "Shout",
        "repositoryURL": "https://github.com/jakeheis/Shout.git",
        "state": {
          "branch": null,
          "revision": "dbb02940a3a96c2f126079891589902a562d0e8d",
          "version": "0.5.4"
        }
      },
      {
        "package": "Starscream",
        "repositoryURL": "https://github.com/daltoniam/Starscream.git",
        "state": {
          "branch": null,
          "revision": "ebdc260ea64e68f7569c62e8744b5cd15d3a49d6",
          "version": "3.0.6"
        }
      },
      {
        "package": "swift-log",
        "repositoryURL": "https://github.com/apple/swift-log.git",
        "state": {
          "branch": null,
          "revision": "12d3a8651d32295794a850307f77407f95b8c881",
          "version": "1.4.1"
        }
      },
      {
        "package": "Swifter",
        "repositoryURL": "https://github.com/httpswift/swifter.git",
        "state": {
          "branch": null,
          "revision": "57faa5da31c02e035e43e8189f7ae7e8fb7ddc68",
          "version": "1.4.6"
        }
      }
    ]
  },
  "version": 1
}
